Microsoft Visual Studio Solution File, Format Version 12.00
# Visual Studio Version 17
VisualStudioVersion = 17.5.2.0
MinimumVisualStudioVersion = 10.0.40219.1
Project("{FAE04EC0-301F-11D3-BF4B-00C04F79EFBC}") = "NihongoBot", "NihongoBot\NihongoBot.csproj", "{8CE8062A-9923-44E1-2CBF-7A3F749B0BA2}"
EndProject
Project("{FAE04EC0-301F-11D3-BF4B-00C04F79EFBC}") = "NihongoBot.Persistence", "NihongoBot.Persistence\NihongoBot.Persistence.csproj", "{F064EEF2-BE7B-41B8-9827-DD855B84B237}"
EndProject
Project("{FAE04EC0-301F-11D3-BF4B-00C04F79EFBC}") = "NihongoBot.Domain", "NihongoBot.Domain\NihongoBot.Domain.csproj", "{C99133CC-2EF9-477D-ADCF-E8CE987A2CC3}"
EndProject
Global
	GlobalSection(SolutionConfigurationPlatforms) = preSolution
		Debug|Any CPU = Debug|Any CPU
		Release|Any CPU = Release|Any CPU
	EndGlobalSection
	GlobalSection(ProjectConfigurationPlatforms) = postSolution
		{8CE8062A-9923-44E1-2CBF-7A3F749B0BA2}.Debug|Any CPU.ActiveCfg = Debug|Any CPU
		{8CE8062A-9923-44E1-2CBF-7A3F749B0BA2}.Debug|Any CPU.Build.0 = Debug|Any CPU
		{8CE8062A-9923-44E1-2CBF-7A3F749B0BA2}.Release|Any CPU.ActiveCfg = Release|Any CPU
		{8CE8062A-9923-44E1-2CBF-7A3F749B0BA2}.Release|Any CPU.Build.0 = Release|Any CPU
		{F064EEF2-BE7B-41B8-9827-DD855B84B237}.Debug|Any CPU.ActiveCfg = Debug|Any CPU
		{F064EEF2-BE7B-41B8-9827-DD855B84B237}.Debug|Any CPU.Build.0 = Debug|Any CPU
		{F064EEF2-BE7B-41B8-9827-DD855B84B237}.Release|Any CPU.ActiveCfg = Release|Any CPU
		{F064EEF2-BE7B-41B8-9827-DD855B84B237}.Release|Any CPU.Build.0 = Release|Any CPU
		{C99133CC-2EF9-477D-ADCF-E8CE987A2CC3}.Debug|Any CPU.ActiveCfg = Debug|Any CPU
		{C99133CC-2EF9-477D-ADCF-E8CE987A2CC3}.Debug|Any CPU.Build.0 = Debug|Any CPU
		{C99133CC-2EF9-477D-ADCF-E8CE987A2CC3}.Release|Any CPU.ActiveCfg = Release|Any CPU
		{C99133CC-2EF9-477D-ADCF-E8CE987A2CC3}.Release|Any CPU.Build.0 = Release|Any CPU
	EndGlobalSection
	GlobalSection(SolutionProperties) = preSolution
		HideSolutionNode = FALSE
	EndGlobalSection
	GlobalSection(ExtensibilityGlobals) = postSolution
		SolutionGuid = {CE49B788-8D18-41F9-BF9E-6A5CF15F322F}
	EndGlobalSection
EndGlobal
