
Microsoft Visual Studio Solution File, Format Version 12.00
# Visual Studio Version 17
VisualStudioVersion = 17.5.2.0
MinimumVisualStudioVersion = 10.0.40219.1
Project("{FAE04EC0-301F-11D3-BF4B-00C04F79EFBC}") = "NihongoBot", "NihongoBot\NihongoBot.csproj", "{8CE8062A-9923-44E1-2CBF-7A3F749B0BA2}"
EndProject
Project("{FAE04EC0-301F-11D3-BF4B-00C04F79EFBC}") = "NihongoBot.Persistence", "NihongoBot.Persistence\NihongoBot.Persistence.csproj", "{F064EEF2-BE7B-41B8-9827-DD855B84B237}"
EndProject
Project("{FAE04EC0-301F-11D3-BF4B-00C04F79EFBC}") = "NihongoBot.Domain", "NihongoBot.Domain\NihongoBot.Domain.csproj", "{C99133CC-2EF9-477D-ADCF-E8CE987A2CC3}"
EndProject
Project("{FAE04EC0-301F-11D3-BF4B-00C04F79EFBC}") = "NihongoBot.Server", "NihongoBot.Server\NihongoBot.Server.csproj", "{51F5D91C-A038-4DEC-99C7-5504C2D33F67}"
EndProject
Project("{FAE04EC0-301F-11D3-BF4B-00C04F79EFBC}") = "NihongoBot.Application", "NihongoBot.Application\NihongoBot.Application.csproj", "{BD8503B7-16D9-4C5B-9755-86772D5DF28C}"
EndProject
Project("{FAE04EC0-301F-11D3-BF4B-00C04F79EFBC}") = "NihongoBot.AppHost", "NihongoBot.AppHost\NihongoBot.AppHost.csproj", "{E70F3B17-A211-4F44-9D62-8F356B1E1C82}"
EndProject
Project("{FAE04EC0-301F-11D3-BF4B-00C04F79EFBC}") = "NihongoBot.Infrastructure", "NihongoBot.Infrastructure\NihongoBot.Infrastructure.csproj", "{AA747841-0C0A-4479-AC17-895567D13B10}"
EndProject
Project("{FAE04EC0-301F-11D3-BF4B-00C04F79EFBC}") = "NihongoBot.Shared", "NihongoBot.Shared\NihongoBot.Shared.csproj", "{5A4EF0DD-7473-444F-ABA4-EB28FCE3E216}"
EndProject
Project("{FAE04EC0-301F-11D3-BF4B-00C04F79EFBC}") = "NihongoBot.Client", "NihongoBot.Client\NihongoBot.Client.csproj", "{F2C8D0B7-7B33-4CF5-8F3F-28C00944A8F5}"
EndProject
Project("{2150E333-8FDC-42A3-9474-1A3956D46DE8}") = "Tests", "Tests", "{73E08DA3-1D56-4BFC-87D4-AD5028A1BB7B}"
EndProject
Project("{FAE04EC0-301F-11D3-BF4B-00C04F79EFBC}") = "NihongoBot.Application.Tests", "Tests\NihongoBot.Application.Tests\NihongoBot.Application.Tests.csproj", "{A858E43F-1987-44D3-9BD8-13A74055791E}"
EndProject
Project("{FAE04EC0-301F-11D3-BF4B-00C04F79EFBC}") = "NihongoBot.Domain.Tests", "Tests\NihongoBot.Domain.Tests\NihongoBot.Domain.Tests.csproj", "{B858E43F-1987-44D3-9BD8-13A74055791F}"
EndProject
Project("{FAE04EC0-301F-11D3-BF4B-00C04F79EFBC}") = "NihongoBot.Server.Tests", "Tests\NihongoBot.Server.Tests\NihongoBot.Server.Tests.csproj", "{C858E43F-1987-44D3-9BD8-13A74055791G}"
EndProject
Global
	GlobalSection(SolutionConfigurationPlatforms) = preSolution
		Debug|Any CPU = Debug|Any CPU
		Debug|x64 = Debug|x64
		Debug|x86 = Debug|x86
		Release|Any CPU = Release|Any CPU
		Release|x64 = Release|x64
		Release|x86 = Release|x86
	EndGlobalSection
	GlobalSection(ProjectConfigurationPlatforms) = postSolution
		{8CE8062A-9923-44E1-2CBF-7A3F749B0BA2}.Debug|Any CPU.ActiveCfg = Debug|Any CPU
		{8CE8062A-9923-44E1-2CBF-7A3F749B0BA2}.Debug|Any CPU.Build.0 = Debug|Any CPU
		{8CE8062A-9923-44E1-2CBF-7A3F749B0BA2}.Debug|x64.ActiveCfg = Debug|Any CPU
		{8CE8062A-9923-44E1-2CBF-7A3F749B0BA2}.Debug|x64.Build.0 = Debug|Any CPU
		{8CE8062A-9923-44E1-2CBF-7A3F749B0BA2}.Debug|x86.ActiveCfg = Debug|Any CPU
		{8CE8062A-9923-44E1-2CBF-7A3F749B0BA2}.Debug|x86.Build.0 = Debug|Any CPU
		{8CE8062A-9923-44E1-2CBF-7A3F749B0BA2}.Release|Any CPU.ActiveCfg = Release|Any CPU
		{8CE8062A-9923-44E1-2CBF-7A3F749B0BA2}.Release|Any CPU.Build.0 = Release|Any CPU
		{8CE8062A-9923-44E1-2CBF-7A3F749B0BA2}.Release|x64.ActiveCfg = Release|Any CPU
		{8CE8062A-9923-44E1-2CBF-7A3F749B0BA2}.Release|x64.Build.0 = Release|Any CPU
		{8CE8062A-9923-44E1-2CBF-7A3F749B0BA2}.Release|x86.ActiveCfg = Release|Any CPU
		{8CE8062A-9923-44E1-2CBF-7A3F749B0BA2}.Release|x86.Build.0 = Release|Any CPU
		{F064EEF2-BE7B-41B8-9827-DD855B84B237}.Debug|Any CPU.ActiveCfg = Debug|Any CPU
		{F064EEF2-BE7B-41B8-9827-DD855B84B237}.Debug|Any CPU.Build.0 = Debug|Any CPU
		{F064EEF2-BE7B-41B8-9827-DD855B84B237}.Debug|x64.ActiveCfg = Debug|Any CPU
		{F064EEF2-BE7B-41B8-9827-DD855B84B237}.Debug|x64.Build.0 = Debug|Any CPU
		{F064EEF2-BE7B-41B8-9827-DD855B84B237}.Debug|x86.ActiveCfg = Debug|Any CPU
		{F064EEF2-BE7B-41B8-9827-DD855B84B237}.Debug|x86.Build.0 = Debug|Any CPU
		{F064EEF2-BE7B-41B8-9827-DD855B84B237}.Release|Any CPU.ActiveCfg = Release|Any CPU
		{F064EEF2-BE7B-41B8-9827-DD855B84B237}.Release|Any CPU.Build.0 = Release|Any CPU
		{F064EEF2-BE7B-41B8-9827-DD855B84B237}.Release|x64.ActiveCfg = Release|Any CPU
		{F064EEF2-BE7B-41B8-9827-DD855B84B237}.Release|x64.Build.0 = Release|Any CPU
		{F064EEF2-BE7B-41B8-9827-DD855B84B237}.Release|x86.ActiveCfg = Release|Any CPU
		{F064EEF2-BE7B-41B8-9827-DD855B84B237}.Release|x86.Build.0 = Release|Any CPU
		{C99133CC-2EF9-477D-ADCF-E8CE987A2CC3}.Debug|Any CPU.ActiveCfg = Debug|Any CPU
		{C99133CC-2EF9-477D-ADCF-E8CE987A2CC3}.Debug|Any CPU.Build.0 = Debug|Any CPU
		{C99133CC-2EF9-477D-ADCF-E8CE987A2CC3}.Debug|x64.ActiveCfg = Debug|Any CPU
		{C99133CC-2EF9-477D-ADCF-E8CE987A2CC3}.Debug|x64.Build.0 = Debug|Any CPU
		{C99133CC-2EF9-477D-ADCF-E8CE987A2CC3}.Debug|x86.ActiveCfg = Debug|Any CPU
		{C99133CC-2EF9-477D-ADCF-E8CE987A2CC3}.Debug|x86.Build.0 = Debug|Any CPU
		{C99133CC-2EF9-477D-ADCF-E8CE987A2CC3}.Release|Any CPU.ActiveCfg = Release|Any CPU
		{C99133CC-2EF9-477D-ADCF-E8CE987A2CC3}.Release|Any CPU.Build.0 = Release|Any CPU
		{C99133CC-2EF9-477D-ADCF-E8CE987A2CC3}.Release|x64.ActiveCfg = Release|Any CPU
		{C99133CC-2EF9-477D-ADCF-E8CE987A2CC3}.Release|x64.Build.0 = Release|Any CPU
		{C99133CC-2EF9-477D-ADCF-E8CE987A2CC3}.Release|x86.ActiveCfg = Release|Any CPU
		{C99133CC-2EF9-477D-ADCF-E8CE987A2CC3}.Release|x86.Build.0 = Release|Any CPU
		{51F5D91C-A038-4DEC-99C7-5504C2D33F67}.Debug|Any CPU.ActiveCfg = Debug|Any CPU
		{51F5D91C-A038-4DEC-99C7-5504C2D33F67}.Debug|Any CPU.Build.0 = Debug|Any CPU
		{51F5D91C-A038-4DEC-99C7-5504C2D33F67}.Debug|x64.ActiveCfg = Debug|Any CPU
		{51F5D91C-A038-4DEC-99C7-5504C2D33F67}.Debug|x64.Build.0 = Debug|Any CPU
		{51F5D91C-A038-4DEC-99C7-5504C2D33F67}.Debug|x86.ActiveCfg = Debug|Any CPU
		{51F5D91C-A038-4DEC-99C7-5504C2D33F67}.Debug|x86.Build.0 = Debug|Any CPU
		{51F5D91C-A038-4DEC-99C7-5504C2D33F67}.Release|Any CPU.ActiveCfg = Release|Any CPU
		{51F5D91C-A038-4DEC-99C7-5504C2D33F67}.Release|Any CPU.Build.0 = Release|Any CPU
		{51F5D91C-A038-4DEC-99C7-5504C2D33F67}.Release|x64.ActiveCfg = Release|Any CPU
		{51F5D91C-A038-4DEC-99C7-5504C2D33F67}.Release|x64.Build.0 = Release|Any CPU
		{51F5D91C-A038-4DEC-99C7-5504C2D33F67}.Release|x86.ActiveCfg = Release|Any CPU
		{51F5D91C-A038-4DEC-99C7-5504C2D33F67}.Release|x86.Build.0 = Release|Any CPU
		{BD8503B7-16D9-4C5B-9755-86772D5DF28C}.Debug|Any CPU.ActiveCfg = Debug|Any CPU
		{BD8503B7-16D9-4C5B-9755-86772D5DF28C}.Debug|Any CPU.Build.0 = Debug|Any CPU
		{BD8503B7-16D9-4C5B-9755-86772D5DF28C}.Debug|x64.ActiveCfg = Debug|Any CPU
		{BD8503B7-16D9-4C5B-9755-86772D5DF28C}.Debug|x64.Build.0 = Debug|Any CPU
		{BD8503B7-16D9-4C5B-9755-86772D5DF28C}.Debug|x86.ActiveCfg = Debug|Any CPU
		{BD8503B7-16D9-4C5B-9755-86772D5DF28C}.Debug|x86.Build.0 = Debug|Any CPU
		{BD8503B7-16D9-4C5B-9755-86772D5DF28C}.Release|Any CPU.ActiveCfg = Release|Any CPU
		{BD8503B7-16D9-4C5B-9755-86772D5DF28C}.Release|Any CPU.Build.0 = Release|Any CPU
		{BD8503B7-16D9-4C5B-9755-86772D5DF28C}.Release|x64.ActiveCfg = Release|Any CPU
		{BD8503B7-16D9-4C5B-9755-86772D5DF28C}.Release|x64.Build.0 = Release|Any CPU
		{BD8503B7-16D9-4C5B-9755-86772D5DF28C}.Release|x86.ActiveCfg = Release|Any CPU
		{BD8503B7-16D9-4C5B-9755-86772D5DF28C}.Release|x86.Build.0 = Release|Any CPU
		{E70F3B17-A211-4F44-9D62-8F356B1E1C82}.Debug|Any CPU.ActiveCfg = Debug|Any CPU
		{E70F3B17-A211-4F44-9D62-8F356B1E1C82}.Debug|Any CPU.Build.0 = Debug|Any CPU
		{E70F3B17-A211-4F44-9D62-8F356B1E1C82}.Debug|x64.ActiveCfg = Debug|Any CPU
		{E70F3B17-A211-4F44-9D62-8F356B1E1C82}.Debug|x64.Build.0 = Debug|Any CPU
		{E70F3B17-A211-4F44-9D62-8F356B1E1C82}.Debug|x86.ActiveCfg = Debug|Any CPU
		{E70F3B17-A211-4F44-9D62-8F356B1E1C82}.Debug|x86.Build.0 = Debug|Any CPU
		{E70F3B17-A211-4F44-9D62-8F356B1E1C82}.Release|Any CPU.ActiveCfg = Release|Any CPU
		{E70F3B17-A211-4F44-9D62-8F356B1E1C82}.Release|Any CPU.Build.0 = Release|Any CPU
		{E70F3B17-A211-4F44-9D62-8F356B1E1C82}.Release|x64.ActiveCfg = Release|Any CPU
		{E70F3B17-A211-4F44-9D62-8F356B1E1C82}.Release|x64.Build.0 = Release|Any CPU
		{E70F3B17-A211-4F44-9D62-8F356B1E1C82}.Release|x86.ActiveCfg = Release|Any CPU
		{E70F3B17-A211-4F44-9D62-8F356B1E1C82}.Release|x86.Build.0 = Release|Any CPU
		{AA747841-0C0A-4479-AC17-895567D13B10}.Debug|Any CPU.ActiveCfg = Debug|Any CPU
		{AA747841-0C0A-4479-AC17-895567D13B10}.Debug|Any CPU.Build.0 = Debug|Any CPU
		{AA747841-0C0A-4479-AC17-895567D13B10}.Debug|x64.ActiveCfg = Debug|Any CPU
		{AA747841-0C0A-4479-AC17-895567D13B10}.Debug|x64.Build.0 = Debug|Any CPU
		{AA747841-0C0A-4479-AC17-895567D13B10}.Debug|x86.ActiveCfg = Debug|Any CPU
		{AA747841-0C0A-4479-AC17-895567D13B10}.Debug|x86.Build.0 = Debug|Any CPU
		{AA747841-0C0A-4479-AC17-895567D13B10}.Release|Any CPU.ActiveCfg = Release|Any CPU
		{AA747841-0C0A-4479-AC17-895567D13B10}.Release|Any CPU.Build.0 = Release|Any CPU
		{AA747841-0C0A-4479-AC17-895567D13B10}.Release|x64.ActiveCfg = Release|Any CPU
		{AA747841-0C0A-4479-AC17-895567D13B10}.Release|x64.Build.0 = Release|Any CPU
		{AA747841-0C0A-4479-AC17-895567D13B10}.Release|x86.ActiveCfg = Release|Any CPU
		{AA747841-0C0A-4479-AC17-895567D13B10}.Release|x86.Build.0 = Release|Any CPU
		{5A4EF0DD-7473-444F-ABA4-EB28FCE3E216}.Debug|Any CPU.ActiveCfg = Debug|Any CPU
		{5A4EF0DD-7473-444F-ABA4-EB28FCE3E216}.Debug|Any CPU.Build.0 = Debug|Any CPU
		{5A4EF0DD-7473-444F-ABA4-EB28FCE3E216}.Debug|x64.ActiveCfg = Debug|Any CPU
		{5A4EF0DD-7473-444F-ABA4-EB28FCE3E216}.Debug|x64.Build.0 = Debug|Any CPU
		{5A4EF0DD-7473-444F-ABA4-EB28FCE3E216}.Debug|x86.ActiveCfg = Debug|Any CPU
		{5A4EF0DD-7473-444F-ABA4-EB28FCE3E216}.Debug|x86.Build.0 = Debug|Any CPU
		{5A4EF0DD-7473-444F-ABA4-EB28FCE3E216}.Release|Any CPU.ActiveCfg = Release|Any CPU
		{5A4EF0DD-7473-444F-ABA4-EB28FCE3E216}.Release|Any CPU.Build.0 = Release|Any CPU
		{5A4EF0DD-7473-444F-ABA4-EB28FCE3E216}.Release|x64.ActiveCfg = Release|Any CPU
		{5A4EF0DD-7473-444F-ABA4-EB28FCE3E216}.Release|x64.Build.0 = Release|Any CPU
		{5A4EF0DD-7473-444F-ABA4-EB28FCE3E216}.Release|x86.ActiveCfg = Release|Any CPU
		{5A4EF0DD-7473-444F-ABA4-EB28FCE3E216}.Release|x86.Build.0 = Release|Any CPU
		{F2C8D0B7-7B33-4CF5-8F3F-28C00944A8F5}.Debug|Any CPU.ActiveCfg = Debug|Any CPU
		{F2C8D0B7-7B33-4CF5-8F3F-28C00944A8F5}.Debug|Any CPU.Build.0 = Debug|Any CPU
		{F2C8D0B7-7B33-4CF5-8F3F-28C00944A8F5}.Debug|x64.ActiveCfg = Debug|Any CPU
		{F2C8D0B7-7B33-4CF5-8F3F-28C00944A8F5}.Debug|x64.Build.0 = Debug|Any CPU
		{F2C8D0B7-7B33-4CF5-8F3F-28C00944A8F5}.Debug|x86.ActiveCfg = Debug|Any CPU
		{F2C8D0B7-7B33-4CF5-8F3F-28C00944A8F5}.Debug|x86.Build.0 = Debug|Any CPU
		{F2C8D0B7-7B33-4CF5-8F3F-28C00944A8F5}.Release|Any CPU.ActiveCfg = Release|Any CPU
		{F2C8D0B7-7B33-4CF5-8F3F-28C00944A8F5}.Release|Any CPU.Build.0 = Release|Any CPU
		{F2C8D0B7-7B33-4CF5-8F3F-28C00944A8F5}.Release|x64.ActiveCfg = Release|Any CPU
		{F2C8D0B7-7B33-4CF5-8F3F-28C00944A8F5}.Release|x64.Build.0 = Release|Any CPU
		{F2C8D0B7-7B33-4CF5-8F3F-28C00944A8F5}.Release|x86.ActiveCfg = Release|Any CPU
		{F2C8D0B7-7B33-4CF5-8F3F-28C00944A8F5}.Release|x86.Build.0 = Release|Any CPU
		{A858E43F-1987-44D3-9BD8-13A74055791E}.Debug|Any CPU.ActiveCfg = Debug|Any CPU
		{A858E43F-1987-44D3-9BD8-13A74055791E}.Debug|Any CPU.Build.0 = Debug|Any CPU
		{A858E43F-1987-44D3-9BD8-13A74055791E}.Debug|x64.ActiveCfg = Debug|Any CPU
		{A858E43F-1987-44D3-9BD8-13A74055791E}.Debug|x64.Build.0 = Debug|Any CPU
		{A858E43F-1987-44D3-9BD8-13A74055791E}.Debug|x86.ActiveCfg = Debug|Any CPU
		{A858E43F-1987-44D3-9BD8-13A74055791E}.Debug|x86.Build.0 = Debug|Any CPU
		{A858E43F-1987-44D3-9BD8-13A74055791E}.Release|Any CPU.ActiveCfg = Release|Any CPU
		{A858E43F-1987-44D3-9BD8-13A74055791E}.Release|Any CPU.Build.0 = Release|Any CPU
		{A858E43F-1987-44D3-9BD8-13A74055791E}.Release|x64.ActiveCfg = Release|Any CPU
		{A858E43F-1987-44D3-9BD8-13A74055791E}.Release|x64.Build.0 = Release|Any CPU
		{A858E43F-1987-44D3-9BD8-13A74055791E}.Release|x86.ActiveCfg = Release|Any CPU
		{A858E43F-1987-44D3-9BD8-13A74055791E}.Release|x86.Build.0 = Release|Any CPU
		{B858E43F-1987-44D3-9BD8-13A74055791F}.Debug|Any CPU.ActiveCfg = Debug|Any CPU
		{B858E43F-1987-44D3-9BD8-13A74055791F}.Debug|Any CPU.Build.0 = Debug|Any CPU
		{B858E43F-1987-44D3-9BD8-13A74055791F}.Debug|x64.ActiveCfg = Debug|Any CPU
		{B858E43F-1987-44D3-9BD8-13A74055791F}.Debug|x64.Build.0 = Debug|Any CPU
		{B858E43F-1987-44D3-9BD8-13A74055791F}.Debug|x86.ActiveCfg = Debug|Any CPU
		{B858E43F-1987-44D3-9BD8-13A74055791F}.Debug|x86.Build.0 = Debug|Any CPU
		{B858E43F-1987-44D3-9BD8-13A74055791F}.Release|Any CPU.ActiveCfg = Release|Any CPU
		{B858E43F-1987-44D3-9BD8-13A74055791F}.Release|Any CPU.Build.0 = Release|Any CPU
		{B858E43F-1987-44D3-9BD8-13A74055791F}.Release|x64.ActiveCfg = Release|Any CPU
		{B858E43F-1987-44D3-9BD8-13A74055791F}.Release|x64.Build.0 = Release|Any CPU
		{B858E43F-1987-44D3-9BD8-13A74055791F}.Release|x86.ActiveCfg = Release|Any CPU
		{B858E43F-1987-44D3-9BD8-13A74055791F}.Release|x86.Build.0 = Release|Any CPU
		{C858E43F-1987-44D3-9BD8-13A74055791G}.Debug|Any CPU.ActiveCfg = Debug|Any CPU
		{C858E43F-1987-44D3-9BD8-13A74055791G}.Debug|Any CPU.Build.0 = Debug|Any CPU
		{C858E43F-1987-44D3-9BD8-13A74055791G}.Debug|x64.ActiveCfg = Debug|Any CPU
		{C858E43F-1987-44D3-9BD8-13A74055791G}.Debug|x64.Build.0 = Debug|Any CPU
		{C858E43F-1987-44D3-9BD8-13A74055791G}.Debug|x86.ActiveCfg = Debug|Any CPU
		{C858E43F-1987-44D3-9BD8-13A74055791G}.Debug|x86.Build.0 = Debug|Any CPU
		{C858E43F-1987-44D3-9BD8-13A74055791G}.Release|Any CPU.ActiveCfg = Release|Any CPU
		{C858E43F-1987-44D3-9BD8-13A74055791G}.Release|Any CPU.Build.0 = Release|Any CPU
		{C858E43F-1987-44D3-9BD8-13A74055791G}.Release|x64.ActiveCfg = Release|Any CPU
		{C858E43F-1987-44D3-9BD8-13A74055791G}.Release|x64.Build.0 = Release|Any CPU
		{C858E43F-1987-44D3-9BD8-13A74055791G}.Release|x86.ActiveCfg = Release|Any CPU
		{C858E43F-1987-44D3-9BD8-13A74055791G}.Release|x86.Build.0 = Release|Any CPU
	EndGlobalSection
	GlobalSection(SolutionProperties) = preSolution
		HideSolutionNode = FALSE
	EndGlobalSection
	GlobalSection(NestedProjects) = preSolution
		{A858E43F-1987-44D3-9BD8-13A74055791E} = {73E08DA3-1D56-4BFC-87D4-AD5028A1BB7B}
		{B858E43F-1987-44D3-9BD8-13A74055791F} = {73E08DA3-1D56-4BFC-87D4-AD5028A1BB7B}
		{C858E43F-1987-44D3-9BD8-13A74055791G} = {73E08DA3-1D56-4BFC-87D4-AD5028A1BB7B}
	EndGlobalSection
	GlobalSection(ExtensibilityGlobals) = postSolution
		SolutionGuid = {CE49B788-8D18-41F9-BF9E-6A5CF15F322F}
	EndGlobalSection
EndGlobal
